<?xml version="1.0" encoding="utf-8"?>
<Project ToolsVersion="4.0" xmlns="http://schemas.microsoft.com/developer/msbuild/2003">
  <ItemGroup>
    <Filter Include="Source Files">
      <UniqueIdentifier>{4FC737F1-C7A5-4376-A066-2A32D752A2FF}</UniqueIdentifier>
      <Extensions>cpp;c;cc;cxx;c++;cppm;ixx;def;odl;idl;hpj;bat;asm;asmx</Extensions>
    </Filter>
    <Filter Include="Header Files">
      <UniqueIdentifier>{93995380-89BD-4b04-88EB-625FBE52EBFB}</UniqueIdentifier>
      <Extensions>h;hh;hpp;hxx;h++;hm;inl;inc;ipp;xsd</Extensions>
    </Filter>
    <Filter Include="Resource Files">
      <UniqueIdentifier>{67DA6AB6-F800-4c08-8B7A-83BB121AAD01}</UniqueIdentifier>
      <Extensions>rc;ico;cur;bmp;dlg;rc2;rct;bin;rgs;gif;jpg;jpeg;jpe;resx;tiff;tif;png;wav;mfcribbon-ms</Extensions>
    </Filter>
  </ItemGroup>
  <ItemGroup>
    <ClCompile Include="LoginForm.cpp">
      <Filter>Source Files</Filter>
    </ClCompile>
    <ClCompile Include="MenuForm.cpp">
      <Filter>Source Files</Filter>
    </ClCompile>
    <ClCompile Include="RegisterForm.cpp">
      <Filter>Source Files</Filter>
    </ClCompile>
    <ClCompile Include="adminlogin.cpp">
      <Filter>Source Files</Filter>
    </ClCompile>
    <ClCompile Include="AdminMenu.cpp">
      <Filter>Source Files</Filter>
    </ClCompile>
    <ClCompile Include="adminreg.cpp">
      <Filter>Source Files</Filter>
    </ClCompile>
    <ClCompile Include="BookWindow.cpp">
      <Filter>Source Files</Filter>
    </ClCompile>
    <ClCompile Include="AddRoom.cpp">
      <Filter>Header Files</Filter>
    </ClCompile>
    <ClCompile Include="DeleteRoom.cpp">
      <Filter>Source Files</Filter>
    </ClCompile>
    <ClCompile Include="ViewRoom.cpp">
      <Filter>Source Files</Filter>
    </ClCompile>
    <ClCompile Include="ModifyRoom.cpp">
      <Filter>Source Files</Filter>
    </ClCompile>
    <ClCompile Include="BookRoom.cpp">
      <Filter>Source Files</Filter>
    </ClCompile>
    <ClCompile Include="CheckOut.cpp">
      <Filter>Source Files</Filter>
    </ClCompile>
    <ClCompile Include="ViewBooking.cpp">
      <Filter>Source Files</Filter>
    </ClCompile>
  </ItemGroup>
  <ItemGroup>
    <ClInclude Include="LoginForm.h">
      <Filter>Header Files</Filter>
    </ClInclude>
    <ClInclude Include="MenuForm.h">
      <Filter>Header Files</Filter>
    </ClInclude>
    <ClInclude Include="RegisterForm.h">
      <Filter>Header Files</Filter>
    </ClInclude>
    <ClInclude Include="adminlogin.h">
      <Filter>Source Files</Filter>
    </ClInclude>
    <ClInclude Include="AdminMenu.h">
      <Filter>Source Files</Filter>
    </ClInclude>
    <ClInclude Include="adminreg.h">
      <Filter>Source Files</Filter>
    </ClInclude>
    <ClInclude Include="BookWindow.h">
      <Filter>Source Files</Filter>
    </ClInclude>
    <ClInclude Include="AddRoom.h">
      <Filter>Header Files</Filter>
    </ClInclude>
    <ClInclude Include="DeleteRoom.h">
      <Filter>Source Files</Filter>
    </ClInclude>
    <ClInclude Include="ViewRoom.h">
      <Filter>Source Files</Filter>
    </ClInclude>
    <ClInclude Include="DataInfo.h">
      <Filter>Header Files</Filter>
    </ClInclude>
    <ClInclude Include="ModifyRoom.h">
      <Filter>Source Files</Filter>
    </ClInclude>
    <ClInclude Include="BookRoom.h">
      <Filter>Source Files</Filter>
    </ClInclude>
    <ClInclude Include="CheckOut.h">
      <Filter>Source Files</Filter>
    </ClInclude>
    <ClInclude Include="ViewBooking.h">
      <Filter>Source Files</Filter>
    </ClInclude>
  </ItemGroup>
</Project>